// !$*UTF8*$!
{
	archiveVersion = 1;
	classes = {
	};
	objectVersion = 50;
	objects = {

/* Begin PBXBuildFile section */
		598FD856210B62C700219EA0 /* AppDelegate.swift in Sources */ = {isa = PBXBuildFile; fileRef = 598FD855210B62C700219EA0 /* AppDelegate.swift */; };
		598FD858210B62C700219EA0 /* art.scnassets in Resources */ = {isa = PBXBuildFile; fileRef = 598FD857210B62C700219EA0 /* art.scnassets */; };
		598FD85A210B62C700219EA0 /* ViewController.swift in Sources */ = {isa = PBXBuildFile; fileRef = 598FD859210B62C700219EA0 /* ViewController.swift */; };
		598FD85D210B62C700219EA0 /* Main.storyboard in Resources */ = {isa = PBXBuildFile; fileRef = 598FD85B210B62C700219EA0 /* Main.storyboard */; };
		598FD85F210B62CD00219EA0 /* Assets.xcassets in Resources */ = {isa = PBXBuildFile; fileRef = 598FD85E210B62CD00219EA0 /* Assets.xcassets */; };
		598FD862210B62CD00219EA0 /* LaunchScreen.storyboard in Resources */ = {isa = PBXBuildFile; fileRef = 598FD860210B62CD00219EA0 /* LaunchScreen.storyboard */; };
		598FD86C210B681000219EA0 /* EarthNode.swift in Sources */ = {isa = PBXBuildFile; fileRef = 598FD86B210B681000219EA0 /* EarthNode.swift */; };
/* End PBXBuildFile section */

/* Begin PBXFileReference section */
		598FD852210B62C700219EA0 /* ARKitEarth.app */ = {isa = PBXFileReference; explicitFileType = wrapper.application; includeInIndex = 0; path = ARKitEarth.app; sourceTree = BUILT_PRODUCTS_DIR; };
		598FD855210B62C700219EA0 /* AppDelegate.swift */ = {isa = PBXFileReference; lastKnownFileType = sourcecode.swift; path = AppDelegate.swift; sourceTree = "<group>"; };
		598FD857210B62C700219EA0 /* art.scnassets */ = {isa = PBXFileReference; lastKnownFileType = wrapper.scnassets; path = art.scnassets; sourceTree = "<group>"; };
		598FD859210B62C700219EA0 /* ViewController.swift */ = {isa = PBXFileReference; lastKnownFileType = sourcecode.swift; path = ViewController.swift; sourceTree = "<group>"; };
		598FD85C210B62C700219EA0 /* Base */ = {isa = PBXFileReference; lastKnownFileType = file.storyboard; name = Base; path = Base.lproj/Main.storyboard; sourceTree = "<group>"; };
		598FD85E210B62CD00219EA0 /* Assets.xcassets */ = {isa = PBXFileReference; lastKnownFileType = folder.assetcatalog; path = Assets.xcassets; sourceTree = "<group>"; };
		598FD861210B62CD00219EA0 /* Base */ = {isa = PBXFileReference; lastKnownFileType = file.storyboard; name = Base; path = Base.lproj/LaunchScreen.storyboard; sourceTree = "<group>"; };
		598FD863210B62CD00219EA0 /* Info.plist */ = {isa = PBXFileReference; lastKnownFileType = text.plist.xml; path = Info.plist; sourceTree = "<group>"; };
		598FD86B210B681000219EA0 /* EarthNode.swift */ = {isa = PBXFileReference; lastKnownFileType = sourcecode.swift; path = EarthNode.swift; sourceTree = "<group>"; };
/* End PBXFileReference section */

/* Begin PBXFrameworksBuildPhase section */
		598FD84F210B62C700219EA0 /* Frameworks */ = {
			isa = PBXFrameworksBuildPhase;
			buildActionMask = 2147483647;
			files = (
			);
			runOnlyForDeploymentPostprocessing = 0;
		};
/* End PBXFrameworksBuildPhase section */

/* Begin PBXGroup section */
		598FD849210B62C700219EA0 = {
			isa = PBXGroup;
			children = (
				598FD854210B62C700219EA0 /* ARKitEarth */,
				598FD853210B62C700219EA0 /* Products */,
			);
			sourceTree = "<group>";
		};
		598FD853210B62C700219EA0 /* Products */ = {
			isa = PBXGroup;
			children = (
				598FD852210B62C700219EA0 /* ARKitEarth.app */,
			);
			name = Products;
			sourceTree = "<group>";
		};
		598FD854210B62C700219EA0 /* ARKitEarth */ = {
			isa = PBXGroup;
			children = (
				598FD855210B62C700219EA0 /* AppDelegate.swift */,
				598FD857210B62C700219EA0 /* art.scnassets */,
				598FD859210B62C700219EA0 /* ViewController.swift */,
				598FD86B210B681000219EA0 /* EarthNode.swift */,
				598FD85B210B62C700219EA0 /* Main.storyboard */,
				598FD85E210B62CD00219EA0 /* Assets.xcassets */,
				598FD860210B62CD00219EA0 /* LaunchScreen.storyboard */,
				598FD863210B62CD00219EA0 /* Info.plist */,
			);
			path = ARKitEarth;
			sourceTree = "<group>";
		};
/* End PBXGroup section */

/* Begin PBXNativeTarget section */
		598FD851210B62C700219EA0 /* ARKitEarth */ = {
			isa = PBXNativeTarget;
			buildConfigurationList = 598FD866210B62CD00219EA0 /* Build configuration list for PBXNativeTarget "ARKitEarth" */;
			buildPhases = (
				598FD84E210B62C700219EA0 /* Sources */,
				598FD84F210B62C700219EA0 /* Frameworks */,
				598FD850210B62C700219EA0 /* Resources */,
			);
			buildRules = (
			);
			dependencies = (
			);
			name = ARKitEarth;
			productName = ARKitEarth;
			productReference = 598FD852210B62C700219EA0 /* ARKitEarth.app */;
			productType = "com.apple.product-type.application";
		};
/* End PBXNativeTarget section */

/* Begin PBXProject section */
		598FD84A210B62C700219EA0 /* Project object */ = {
			isa = PBXProject;
			attributes = {
				LastSwiftUpdateCheck = 0940;
				LastUpgradeCheck = 0940;
				ORGANIZATIONNAME = "Roland Herzfeld";
				TargetAttributes = {
					598FD851210B62C700219EA0 = {
						CreatedOnToolsVersion = 9.4.1;
					};
				};
			};
			buildConfigurationList = 598FD84D210B62C700219EA0 /* Build configuration list for PBXProject "ARKitEarth" */;
			compatibilityVersion = "Xcode 9.3";
			developmentRegion = en;
			hasScannedForEncodings = 0;
			knownRegions = (
				en,
				Base,
			);
			mainGroup = 598FD849210B62C700219EA0;
			productRefGroup = 598FD853210B62C700219EA0 /* Products */;
			projectDirPath = "";
			projectRoot = "";
			targets = (
				598FD851210B62C700219EA0 /* ARKitEarth */,
			);
		};
/* End PBXProject section */

/* Begin PBXResourcesBuildPhase section */
		598FD850210B62C700219EA0 /* Resources */ = {
			isa = PBXResourcesBuildPhase;
			buildActionMask = 2147483647;
			files = (
				598FD858210B62C700219EA0 /* art.scnassets in Resources */,
				598FD862210B62CD00219EA0 /* LaunchScreen.storyboard in Resources */,
				598FD85F210B62CD00219EA0 /* Assets.xcassets in Resources */,
				598FD85D210B62C700219EA0 /* Main.storyboard in Resources */,
			);
			runOnlyForDeploymentPostprocessing = 0;
		};
/* End PBXResourcesBuildPhase section */

/* Begin PBXSourcesBuildPhase section */
		598FD84E210B62C700219EA0 /* Sources */ = {
			isa = PBXSourcesBuildPhase;
			buildActionMask = 2147483647;
			files = (
				598FD85A210B62C700219EA0 /* ViewController.swift in Sources */,
				598FD86C210B681000219EA0 /* EarthNode.swift in Sources */,
				598FD856210B62C700219EA0 /* AppDelegate.swift in Sources */,
			);
			runOnlyForDeploymentPostprocessing = 0;
		};
/* End PBXSourcesBuildPhase section */

/* Begin PBXVariantGroup section */
		598FD85B210B62C700219EA0 /* Main.storyboard */ = {
			isa = PBXVariantGroup;
			children = (
				598FD85C210B62C700219EA0 /* Base */,
			);
			name = Main.storyboard;
			sourceTree = "<group>";
		};
		598FD860210B62CD00219EA0 /* LaunchScreen.storyboard */ = {
			isa = PBXVariantGroup;
			children = (
				598FD861210B62CD00219EA0 /* Base */,
			);
			name = LaunchScreen.storyboard;
			sourceTree = "<group>";
		};
/* End PBXVariantGroup section */

/* Begin XCBuildConfiguration section */
		598FD864210B62CD00219EA0 /* Debug */ = {
			isa = XCBuildConfiguration;
			buildSettings = {
				ALWAYS_SEARCH_USER_PATHS = NO;
				CLANG_ANALYZER_NONNULL = YES;
				CLANG_ANALYZER_NUMBER_OBJECT_CONVERSION = YES_AGGRESSIVE;
				CLANG_CXX_LANGUAGE_STANDARD = "gnu++14";
				CLANG_CXX_LIBRARY = "libc++";
				CLANG_ENABLE_MODULES = YES;
				CLANG_ENABLE_OBJC_ARC = YES;
				CLANG_ENABLE_OBJC_WEAK = YES;
				CLANG_WARN_BLOCK_CAPTURE_AUTORELEASING = YES;
				CLANG_WARN_BOOL_CONVERSION = YES;
				CLANG_WARN_COMMA = YES;
				CLANG_WARN_CONSTANT_CONVERSION = YES;
				CLANG_WARN_DEPRECATED_OBJC_IMPLEMENTATIONS = YES;
				CLANG_WARN_DIRECT_OBJC_ISA_USAGE = YES_ERROR;
				CLANG_WARN_DOCUMENTATION_COMMENTS = YES;
				CLANG_WARN_EMPTY_BODY = YES;
				CLANG_WARN_ENUM_CONVERSION = YES;
				CLANG_WARN_INFINITE_RECURSION = YES;
				CLANG_WARN_INT_CONVERSION = YES;
				CLANG_WARN_NON_LITERAL_NULL_CONVERSION = YES;
				CLANG_WARN_OBJC_IMPLICIT_RETAIN_SELF = YES;
				CLANG_WARN_OBJC_LITERAL_CONVERSION = YES;
				CLANG_WARN_OBJC_ROOT_CLASS = YES_ERROR;
				CLANG_WARN_RANGE_LOOP_ANALYSIS = YES;
				CLANG_WARN_STRICT_PROTOTYPES = YES;
				CLANG_WARN_SUSPICIOUS_MOVE = YES;
				CLANG_WARN_UNGUARDED_AVAILABILITY = YES_AGGRESSIVE;
				CLANG_WARN_UNREACHABLE_CODE = YES;
				CLANG_WARN__DUPLICATE_METHOD_MATCH = YES;
				CODE_SIGN_IDENTITY = "iPhone Developer";
				COPY_PHASE_STRIP = NO;
				DEBUG_INFORMATION_FORMAT = dwarf;
				ENABLE_STRICT_OBJC_MSGSEND = YES;
				ENABLE_TESTABILITY = YES;
				GCC_C_LANGUAGE_STANDARD = gnu11;
				GCC_DYNAMIC_NO_PIC = NO;
				GCC_NO_COMMON_BLOCKS = YES;
				GCC_OPTIMIZATION_LEVEL = 0;
				GCC_PREPROCESSOR_DEFINITIONS = (
					"DEBUG=1",
					"$(inherited)",
				);
				GCC_WARN_64_TO_32_BIT_CONVERSION = YES;
				GCC_WARN_ABOUT_RETURN_TYPE = YES_ERROR;
				GCC_WARN_UNDECLARED_SELECTOR = YES;
				GCC_WARN_UNINITIALIZED_AUTOS = YES_AGGRESSIVE;
				GCC_WARN_UNUSED_FUNCTION = YES;
				GCC_WARN_UNUSED_VARIABLE = YES;
				IPHONEOS_DEPLOYMENT_TARGET = 11.4;
				MTL_ENABLE_DEBUG_INFO = YES;
				ONLY_ACTIVE_ARCH = YES;
				SDKROOT = iphoneos;
				SWIFT_ACTIVE_COMPILATION_CONDITIONS = DEBUG;
				SWIFT_OPTIMIZATION_LEVEL = "-Onone";
			};
			name = Debug;
		};
		598FD865210B62CD00219EA0 /* Release */ = {
			isa = XCBuildConfiguration;
			buildSettings = {
				ALWAYS_SEARCH_USER_PATHS = NO;
				CLANG_ANALYZER_NONNULL = YES;
				CLANG_ANALYZER_NUMBER_OBJECT_CONVERSION = YES_AGGRESSIVE;
				CLANG_CXX_LANGUAGE_STANDARD = "gnu++14";
				CLANG_CXX_LIBRARY = "libc++";
				CLANG_ENABLE_MODULES = YES;
				CLANG_ENABLE_OBJC_ARC = YES;
				CLANG_ENABLE_OBJC_WEAK = YES;
				CLANG_WARN_BLOCK_CAPTURE_AUTORELEASING = YES;
				CLANG_WARN_BOOL_CONVERSION = YES;
				CLANG_WARN_COMMA = YES;
				CLANG_WARN_CONSTANT_CONVERSION = YES;
				CLANG_WARN_DEPRECATED_OBJC_IMPLEMENTATIONS = YES;
				CLANG_WARN_DIRECT_OBJC_ISA_USAGE = YES_ERROR;
				CLANG_WARN_DOCUMENTATION_COMMENTS = YES;
				CLANG_WARN_EMPTY_BODY = YES;
				CLANG_WARN_ENUM_CONVERSION = YES;
				CLANG_WARN_INFINITE_RECURSION = YES;
				CLANG_WARN_INT_CONVERSION = YES;
				CLANG_WARN_NON_LITERAL_NULL_CONVERSION = YES;
				CLANG_WARN_OBJC_IMPLICIT_RETAIN_SELF = YES;
				CLANG_WARN_OBJC_LITERAL_CONVERSION = YES;
				CLANG_WARN_OBJC_ROOT_CLASS = YES_ERROR;
				CLANG_WARN_RANGE_LOOP_ANALYSIS = YES;
				CLANG_WARN_STRICT_PROTOTYPES = YES;
				CLANG_WARN_SUSPICIOUS_MOVE = YES;
				CLANG_WARN_UNGUARDED_AVAILABILITY = YES_AGGRESSIVE;
				CLANG_WARN_UNREACHABLE_CODE = YES;
				CLANG_WARN__DUPLICATE_METHOD_MATCH = YES;
				CODE_SIGN_IDENTITY = "iPhone Developer";
				COPY_PHASE_STRIP = NO;
				DEBUG_INFORMATION_FORMAT = "dwarf-with-dsym";
				ENABLE_NS_ASSERTIONS = NO;
				ENABLE_STRICT_OBJC_MSGSEND = YES;
				GCC_C_LANGUAGE_STANDARD = gnu11;
				GCC_NO_COMMON_BLOCKS = YES;
				GCC_WARN_64_TO_32_BIT_CONVERSION = YES;
				GCC_WARN_ABOUT_RETURN_TYPE = YES_ERROR;
				GCC_WARN_UNDECLARED_SELECTOR = YES;
				GCC_WARN_UNINITIALIZED_AUTOS = YES_AGGRESSIVE;
				GCC_WARN_UNUSED_FUNCTION = YES;
				GCC_WARN_UNUSED_VARIABLE = YES;
				IPHONEOS_DEPLOYMENT_TARGET = 11.4;
				MTL_ENABLE_DEBUG_INFO = NO;
				SDKROOT = iphoneos;
				SWIFT_COMPILATION_MODE = wholemodule;
				SWIFT_OPTIMIZATION_LEVEL = "-O";
				VALIDATE_PRODUCT = YES;
			};
			name = Release;
		};
		598FD867210B62CD00219EA0 /* Debug */ = {
			isa = XCBuildConfiguration;
			buildSettings = {
				ASSETCATALOG_COMPILER_APPICON_NAME = AppIcon;
				CODE_SIGN_STYLE = Automatic;
				DEVELOPMENT_TEAM = MVFTBADA83;
				INFOPLIST_FILE = ARKitEarth/Info.plist;
				LD_RUNPATH_SEARCH_PATHS = (
					"$(inherited)",
					"@executable_path/Frameworks",
				);
				PRODUCT_BUNDLE_IDENTIFIER = swamiRamabhakta.ARKitEarth;
				PRODUCT_NAME = "$(TARGET_NAME)";
				SWIFT_VERSION = 4.0;
				TARGETED_DEVICE_FAMILY = "1,2";
			};
			name = Debug;
		};
		598FD868210B62CD00219EA0 /* Release */ = {
			isa = XCBuildConfiguration;
			buildSettings = {
				ASSETCATALOG_COMPILER_APPICON_NAME = AppIcon;
				CODE_SIGN_STYLE = Automatic;
				DEVELOPMENT_TEAM = MVFTBADA83;
				INFOPLIST_FILE = ARKitEarth/Info.plist;
				LD_RUNPATH_SEARCH_PATHS = (
					"$(inherited)",
					"@executable_path/Frameworks",
				);
				PRODUCT_BUNDLE_IDENTIFIER = swamiRamabhakta.ARKitEarth;
				PRODUCT_NAME = "$(TARGET_NAME)";
				SWIFT_VERSION = 4.0;
				TARGETED_DEVICE_FAMILY = "1,2";
			};
			name = Release;
		};
/* End XCBuildConfiguration section */

/* Begin XCConfigurationList section */
		598FD84D210B62C700219EA0 /* Build configuration list for PBXProject "ARKitEarth" */ = {
			isa = XCConfigurationList;
			buildConfigurations = (
				598FD864210B62CD00219EA0 /* Debug */,
				598FD865210B62CD00219EA0 /* Release */,
			);
			defaultConfigurationIsVisible = 0;
			defaultConfigurationName = Release;
		};
		598FD866210B62CD00219EA0 /* Build configuration list for PBXNativeTarget "ARKitEarth" */ = {
			isa = XCConfigurationList;
			buildConfigurations = (
				598FD867210B62CD00219EA0 /* Debug */,
				598FD868210B62CD00219EA0 /* Release */,
			);
			defaultConfigurationIsVisible = 0;
			defaultConfigurationName = Release;
		};
/* End XCConfigurationList section */
	};
	rootObject = 598FD84A210B62C700219EA0 /* Project object */;
}
